# THIS IS AN AUTOGENERATED FILE. DO NOT EDIT THIS FILE DIRECTLY.
# yarn lockfile v1


"@types/lodash@^4.14.104":
  version "4.14.106"
  resolved "http://registry.npm.taobao.org/@types/lodash/download/@types/lodash-4.14.106.tgz#6093e9a02aa567ddecfe9afadca89e53e5dce4dd"

camelcase@^4.1.0:
  version "4.1.0"
  resolved "http://registry.npm.taobao.org/camelcase/download/camelcase-4.1.0.tgz#d545635be1e33c542649c69173e5de6acfae34dd"

clorox@^1.0.1:
  version "1.0.3"
  resolved "http://registry.npm.taobao.org/clorox/download/clorox-1.0.3.tgz#6fa63653f280c33d69f548fb14d239ddcfa1590d"

lodash@^4.17.5:
  version "4.17.5"
  resolved "http://registry.npm.taobao.org/lodash/download/lodash-4.17.5.tgz#99a92d65c0272debe8c96b6057bc8fbfa3bed511"

menhera-cli@^0.0.5:
  version "0.0.5"
  resolved "http://registry.npm.taobao.org/menhera-cli/download/menhera-cli-0.0.5.tgz#06f88391961a5e585c177863d25bcc4db5f30d1a"
  dependencies:
    prompts "^0.1.8"
    yargs-parser "^10.0.0"

menhera@^0.5.8:
  version "0.5.8"
  resolved "http://registry.npm.taobao.org/menhera/download/menhera-0.5.8.tgz#b0e8c28b9d5d6995e04df80d66ea7153dba2f3c8"
  dependencies:
    "@types/lodash" "^4.14.104"
    lodash "^4.17.5"

prompts@^0.1.8:
  version "0.1.8"
  resolved "http://registry.npm.taobao.org/prompts/download/prompts-0.1.8.tgz#6c43ec1f8812479d02d278e536db913f6694381c"
  dependencies:
    clorox "^1.0.1"
    sisteransi "^0.1.0"

sisteransi@^0.1.0:
  version "0.1.0"
  resolved "http://registry.npm.taobao.org/sisteransi/download/sisteransi-0.1.0.tgz#2e6706ac427019b84e60f751d588d87920484f25"

yargs-parser@^10.0.0:
  version "10.0.0"
  resolved "http://registry.npm.taobao.org/yargs-parser/download/yargs-parser-10.0.0.tgz#c737c93de2567657750cb1f2c00be639fd19c994"
  dependencies:
    camelcase "^4.1.0"
